{
  "version": 4,
  "terraform_version": "1.9.6",
  "serial": 1788,
  "lineage": "7918af8c-05bb-53df-e594-b863381ef320",
  "outputs": {
    "BASTION_IP": {
      "value": "51.250.5.249",
      "type": "string"
    },
    "KIBANA_IP": {
      "value": "51.250.1.97",
      "type": "string"
    },
    "ZABBIX_IP": {
      "value": "62.84.115.34",
      "type": "string"
    }
  },
  "resources": [
    {
      "mode": "data",
      "type": "yandex_compute_image",
      "name": "ubuntu-2204-lts",
      "provider": "provider[\"registry.terraform.io/yandex-cloud/yandex\"]",
      "instances": [
        {
          "schema_version": 0,
          "attributes": {
            "created_at": "2024-09-23T11:02:28Z",
            "description": "ubuntu 22.04 lts",
            "family": "ubuntu-2204-lts",
            "folder_id": "standard-images",
            "id": "fd8g1nu25qosh432gpi1",
            "image_id": "fd8g1nu25qosh432gpi1",
            "labels": {},
            "min_disk_size": 8,
            "name": "ubuntu-22-04-lts-v20240923",
            "os_type": "linux",
            "pooled": true,
            "product_ids": [
              "f2eslqjc1dg151a3utbe"
            ],
            "size": 7,
            "status": "ready"
          },
          "sensitive_attributes": []
        }
      ]
    },
    {
      "mode": "managed",
      "type": "yandex_alb_backend_group",
      "name": "terr_bg",
      "provider": "provider[\"registry.terraform.io/yandex-cloud/yandex\"]",
      "instances": [
        {
          "schema_version": 0,
          "attributes": {
            "created_at": "2024-09-23T15:59:00Z",
            "description": "",
            "folder_id": "b1g41sma899n1hp1ts36",
            "grpc_backend": [],
            "http_backend": [
              {
                "healthcheck": [
                  {
                    "grpc_healthcheck": [],
                    "healthcheck_port": 80,
                    "healthy_threshold": 0,
                    "http_healthcheck": [
                      {
                        "host": "",
                        "http2": false,
                        "path": "/"
                      }
                    ],
                    "interval": "5s",
                    "interval_jitter_percent": 0,
                    "stream_healthcheck": [],
                    "timeout": "10s",
                    "unhealthy_threshold": 0
                  }
                ],
                "http2": false,
                "load_balancing_config": [
                  {
                    "locality_aware_routing_percent": 0,
                    "mode": "ROUND_ROBIN",
                    "panic_threshold": 90,
                    "strict_locality": false
                  }
                ],
                "name": "terr-back",
                "port": 80,
                "storage_bucket": "",
                "target_group_ids": [
                  "ds7rqtj32phka707u3be"
                ],
                "tls": [],
                "weight": 1
              }
            ],
            "id": "ds763ljf81aca9qum2v0",
            "labels": {},
            "name": "terr-bg",
            "session_affinity": [],
            "stream_backend": [],
            "timeouts": null
          },
          "sensitive_attributes": [],
          "private": "eyJlMmJmYjczMC1lY2FhLTExZTYtOGY4OC0zNDM2M2JjN2M0YzAiOnsiY3JlYXRlIjozMDAwMDAwMDAwMDAsImRlbGV0ZSI6MzAwMDAwMDAwMDAwLCJ1cGRhdGUiOjMwMDAwMDAwMDAwMH19",
          "dependencies": [
            "data.yandex_compute_image.ubuntu-2204-lts",
            "yandex_alb_target_group.terr_alb",
            "yandex_compute_instance.vm1",
            "yandex_compute_instance.vm2",
            "yandex_vpc_gateway.terr_nat_gateway",
            "yandex_vpc_network.terr",
            "yandex_vpc_route_table.terr_rt",
            "yandex_vpc_security_group.web_sg",
            "yandex_vpc_subnet.private_1",
            "yandex_vpc_subnet.private_2",
            "yandex_vpc_subnet.public"
          ]
        }
      ]
    },
    {
      "mode": "managed",
      "type": "yandex_alb_http_router",
      "name": "terr_http_rt",
      "provider": "provider[\"registry.terraform.io/yandex-cloud/yandex\"]",
      "instances": [
        {
          "schema_version": 0,
          "attributes": {
            "created_at": "2024-09-23T15:57:52Z",
            "description": "",
            "folder_id": "b1g41sma899n1hp1ts36",
            "id": "ds70tpp1s7u3u53eivn0",
            "labels": {},
            "name": "terr-http-rt",
            "route_options": [],
            "timeouts": null
          },
          "sensitive_attributes": [],
          "private": "eyJlMmJmYjczMC1lY2FhLTExZTYtOGY4OC0zNDM2M2JjN2M0YzAiOnsiY3JlYXRlIjozMDAwMDAwMDAwMDAsImRlbGV0ZSI6MzAwMDAwMDAwMDAwLCJ1cGRhdGUiOjMwMDAwMDAwMDAwMH19"
        }
      ]
    },
    {
      "mode": "managed",
      "type": "yandex_alb_load_balancer",
      "name": "terr_balancer",
      "provider": "provider[\"registry.terraform.io/yandex-cloud/yandex\"]",
      "instances": [
        {
          "schema_version": 0,
          "attributes": {
            "allocation_policy": [
              {
                "location": [
                  {
                    "disable_traffic": false,
                    "subnet_id": "e9bm3iis3jafrond0sss",
                    "zone_id": "ru-central1-a"
                  }
                ]
              }
            ],
            "created_at": "2024-09-23T16:25:15Z",
            "description": "",
            "folder_id": "b1g41sma899n1hp1ts36",
            "id": "ds7hemge65pipnkso1f7",
            "labels": {},
            "listener": [
              {
                "endpoint": [
                  {
                    "address": [
                      {
                        "external_ipv4_address": [
                          {
                            "address": "51.250.41.180"
                          }
                        ],
                        "external_ipv6_address": [],
                        "internal_ipv4_address": []
                      }
                    ],
                    "ports": [
                      80
                    ]
                  }
                ],
                "http": [
                  {
                    "handler": [
                      {
                        "allow_http10": false,
                        "http2_options": [],
                        "http_router_id": "ds70tpp1s7u3u53eivn0",
                        "rewrite_request_id": false
                      }
                    ],
                    "redirects": []
                  }
                ],
                "name": "terr-listner",
                "stream": [],
                "tls": []
              }
            ],
            "log_group_id": "",
            "log_options": [],
            "name": "terr-balancer",
            "network_id": "enp1ocnputcpp2b17rdb",
            "region_id": "",
            "security_group_ids": [],
            "status": "active",
            "timeouts": null
          },
          "sensitive_attributes": [],
          "private": "eyJlMmJmYjczMC1lY2FhLTExZTYtOGY4OC0zNDM2M2JjN2M0YzAiOnsiY3JlYXRlIjo2MDAwMDAwMDAwMDAsImRlbGV0ZSI6NjAwMDAwMDAwMDAwLCJ1cGRhdGUiOjYwMDAwMDAwMDAwMH19",
          "dependencies": [
            "yandex_alb_http_router.terr_http_rt",
            "yandex_vpc_gateway.terr_nat_gateway",
            "yandex_vpc_network.terr",
            "yandex_vpc_route_table.terr_rt",
            "yandex_vpc_subnet.public"
          ]
        }
      ]
    },
    {
      "mode": "managed",
      "type": "yandex_alb_target_group",
      "name": "terr_alb",
      "provider": "provider[\"registry.terraform.io/yandex-cloud/yandex\"]",
      "instances": [
        {
          "schema_version": 0,
          "attributes": {
            "created_at": "2024-09-23T15:59:00Z",
            "description": "",
            "folder_id": "b1g41sma899n1hp1ts36",
            "id": "ds7rqtj32phka707u3be",
            "labels": {},
            "name": "terr-alb-tg",
            "target": [
              {
                "ip_address": "10.0.1.4",
                "private_ipv4_address": false,
                "subnet_id": "e9b8dqf8vurlh8cu8lg1"
              },
              {
                "ip_address": "10.0.2.9",
                "private_ipv4_address": false,
                "subnet_id": "e2ltlc77m894ivuvq2t4"
              }
            ],
            "timeouts": null
          },
          "sensitive_attributes": [],
          "private": "eyJlMmJmYjczMC1lY2FhLTExZTYtOGY4OC0zNDM2M2JjN2M0YzAiOnsiY3JlYXRlIjozMDAwMDAwMDAwMDAsImRlbGV0ZSI6MzAwMDAwMDAwMDAwLCJ1cGRhdGUiOjMwMDAwMDAwMDAwMH19",
          "dependencies": [
            "data.yandex_compute_image.ubuntu-2204-lts",
            "yandex_compute_instance.vm1",
            "yandex_compute_instance.vm2",
            "yandex_vpc_gateway.terr_nat_gateway",
            "yandex_vpc_network.terr",
            "yandex_vpc_route_table.terr_rt",
            "yandex_vpc_security_group.web_sg",
            "yandex_vpc_subnet.private_1",
            "yandex_vpc_subnet.private_2",
            "yandex_vpc_subnet.public"
          ]
        }
      ]
    },
    {
      "mode": "managed",
      "type": "yandex_alb_virtual_host",
      "name": "terr_vm",
      "provider": "provider[\"registry.terraform.io/yandex-cloud/yandex\"]",
      "instances": [
        {
          "schema_version": 0,
          "attributes": {
            "authority": [],
            "http_router_id": "ds70tpp1s7u3u53eivn0",
            "id": "ds70tpp1s7u3u53eivn0/terr-vm",
            "modify_request_headers": [],
            "modify_response_headers": [],
            "name": "terr-vm",
            "route": [
              {
                "grpc_route": [],
                "http_route": [
                  {
                    "direct_response_action": [],
                    "http_match": [],
                    "http_route_action": [
                      {
                        "auto_host_rewrite": false,
                        "backend_group_id": "ds763ljf81aca9qum2v0",
                        "host_rewrite": "",
                        "idle_timeout": "",
                        "prefix_rewrite": "",
                        "timeout": "1m0s",
                        "upgrade_types": []
                      }
                    ],
                    "redirect_action": []
                  }
                ],
                "name": "web-vm",
                "route_options": []
              }
            ],
            "route_options": [],
            "timeouts": null
          },
          "sensitive_attributes": [],
          "private": "eyJlMmJmYjczMC1lY2FhLTExZTYtOGY4OC0zNDM2M2JjN2M0YzAiOnsiY3JlYXRlIjozMDAwMDAwMDAwMDAsImRlbGV0ZSI6MzAwMDAwMDAwMDAwLCJ1cGRhdGUiOjMwMDAwMDAwMDAwMH19",
          "dependencies": [
            "data.yandex_compute_image.ubuntu-2204-lts",
            "yandex_alb_backend_group.terr_bg",
            "yandex_alb_http_router.terr_http_rt",
            "yandex_alb_target_group.terr_alb",
            "yandex_compute_instance.vm1",
            "yandex_compute_instance.vm2",
            "yandex_vpc_gateway.terr_nat_gateway",
            "yandex_vpc_network.terr",
            "yandex_vpc_route_table.terr_rt",
            "yandex_vpc_security_group.web_sg",
            "yandex_vpc_subnet.private_1",
            "yandex_vpc_subnet.private_2",
            "yandex_vpc_subnet.public"
          ]
        }
      ]
    },
    {
      "mode": "managed",
      "type": "yandex_compute_instance",
      "name": "bastion_host",
      "provider": "provider[\"registry.terraform.io/yandex-cloud/yandex\"]",
      "instances": [
        {
          "schema_version": 1,
          "attributes": {
            "allow_recreate": null,
            "allow_stopping_for_update": null,
            "boot_disk": [
              {
                "auto_delete": true,
                "device_name": "fhmb5ar7h7ljljcgh3t3",
                "disk_id": "fhmb5ar7h7ljljcgh3t3",
                "initialize_params": [
                  {
                    "block_size": 4096,
                    "description": "",
                    "image_id": "fd8g1nu25qosh432gpi1",
                    "name": "",
                    "size": 10,
                    "snapshot_id": "",
                    "type": "network-hdd"
                  }
                ],
                "mode": "READ_WRITE"
              }
            ],
            "created_at": "2024-09-23T15:57:56Z",
            "description": "",
            "filesystem": [],
            "folder_id": "b1g41sma899n1hp1ts36",
            "fqdn": "bastion.ru-central1.internal",
            "gpu_cluster_id": "",
            "hostname": "bastion",
            "id": "fhmicgtv9rbtjsobvecf",
            "labels": {},
            "local_disk": [],
            "maintenance_grace_period": "",
            "maintenance_policy": null,
            "metadata": {
              "ssh-keys": "ubuntu:ssh-rsa AAAAB3NzaC1yc2EAAAADAQABAAABgQDYQ/BefuIdof96VL3UOuuGMqasVYcVLZ89J8jfA+HgfipRUrNTJN+NRAH3RJYhp6XgBTyQKjyvl46/mUgEZLqkrFNcDJh57tLaELfRJPy2ClBuXv86+i7Ulyt/+reVqIA6qgSwDAjWaPVXpnA4bK4s1GNeiD0OCtoESC8IDAM5JbGn7eSIUru8ccC0BkY6aH/qpMVnwwP9UUvsjlmbnAsPcK2W9FrjaS6c5qN+eZwPRAwsLsx+V7ijs/h6xdwHcC9NMs8nWKSz2AixWcjxPAo1bCqV66z66BQ1JknkHuCxa9sBxRUAzW0ysZedwx9uDxowmsLGphkpcUMRo1zldDFZrRCJKo2ZV1OQfgI6d6tSzqhAeAMlkt7GeGUaQHfC0EcZyXzKUUXlD/+ac8ZrO4n2aslJ3vZ8W6/ncJWGd5uNCGRT4ap6WD4zzYlx4RJv2sWVrK1br+QAffzCo/yWvV+PSJyNXErJW1hwTGWkI7cQFc/HwknicBqRruZh9K5TYPU= guba@guba-VirtualBox\n"
            },
            "metadata_options": [
              {
                "aws_v1_http_endpoint": 1,
                "aws_v1_http_token": 2,
                "gce_http_endpoint": 1,
                "gce_http_token": 1
              }
            ],
            "name": "bastion",
            "network_acceleration_type": "standard",
            "network_interface": [
              {
                "dns_record": [],
                "index": 0,
                "ip_address": "10.0.0.12",
                "ipv4": true,
                "ipv6": false,
                "ipv6_address": "",
                "ipv6_dns_record": [],
                "mac_address": "d0:0d:12:64:3b:f4",
                "nat": true,
                "nat_dns_record": [],
                "nat_ip_address": "51.250.5.249",
                "nat_ip_version": "IPV4",
                "security_group_ids": [
                  "enpgtmomctjm77e78fk0"
                ],
                "subnet_id": "e9bm3iis3jafrond0sss"
              }
            ],
            "placement_policy": [
              {
                "host_affinity_rules": [],
                "placement_group_id": "",
                "placement_group_partition": 0
              }
            ],
            "platform_id": "standard-v1",
            "resources": [
              {
                "core_fraction": 20,
                "cores": 2,
                "gpus": 0,
                "memory": 2
              }
            ],
            "scheduling_policy": [
              {
                "preemptible": true
              }
            ],
            "secondary_disk": [],
            "service_account_id": "",
            "status": "running",
            "timeouts": null,
            "zone": "ru-central1-a"
          },
          "sensitive_attributes": [],
          "private": "eyJlMmJmYjczMC1lY2FhLTExZTYtOGY4OC0zNDM2M2JjN2M0YzAiOnsiY3JlYXRlIjozMDAwMDAwMDAwMDAsImRlbGV0ZSI6MzAwMDAwMDAwMDAwLCJ1cGRhdGUiOjMwMDAwMDAwMDAwMH0sInNjaGVtYV92ZXJzaW9uIjoiMSJ9",
          "dependencies": [
            "data.yandex_compute_image.ubuntu-2204-lts",
            "yandex_vpc_address.bastion",
            "yandex_vpc_gateway.terr_nat_gateway",
            "yandex_vpc_network.terr",
            "yandex_vpc_route_table.terr_rt",
            "yandex_vpc_security_group.bastion_sg",
            "yandex_vpc_subnet.public"
          ]
        }
      ]
    },
    {
      "mode": "managed",
      "type": "yandex_compute_instance",
      "name": "elastic_host",
      "provider": "provider[\"registry.terraform.io/yandex-cloud/yandex\"]",
      "instances": [
        {
          "schema_version": 1,
          "attributes": {
            "allow_recreate": null,
            "allow_stopping_for_update": null,
            "boot_disk": [
              {
                "auto_delete": true,
                "device_name": "fhm675m7047766thr4c6",
                "disk_id": "fhm675m7047766thr4c6",
                "initialize_params": [
                  {
                    "block_size": 4096,
                    "description": "",
                    "image_id": "fd8g1nu25qosh432gpi1",
                    "name": "",
                    "size": 20,
                    "snapshot_id": "",
                    "type": "network-hdd"
                  }
                ],
                "mode": "READ_WRITE"
              }
            ],
            "created_at": "2024-09-23T15:57:59Z",
            "description": "",
            "filesystem": [],
            "folder_id": "b1g41sma899n1hp1ts36",
            "fqdn": "elastic.ru-central1.internal",
            "gpu_cluster_id": "",
            "hostname": "elastic",
            "id": "fhmvu1jvdv4a58g7ruob",
            "labels": {},
            "local_disk": [],
            "maintenance_grace_period": "",
            "maintenance_policy": null,
            "metadata": {
              "ssh-keys": "ubuntu:ssh-rsa AAAAB3NzaC1yc2EAAAADAQABAAABgQDYQ/BefuIdof96VL3UOuuGMqasVYcVLZ89J8jfA+HgfipRUrNTJN+NRAH3RJYhp6XgBTyQKjyvl46/mUgEZLqkrFNcDJh57tLaELfRJPy2ClBuXv86+i7Ulyt/+reVqIA6qgSwDAjWaPVXpnA4bK4s1GNeiD0OCtoESC8IDAM5JbGn7eSIUru8ccC0BkY6aH/qpMVnwwP9UUvsjlmbnAsPcK2W9FrjaS6c5qN+eZwPRAwsLsx+V7ijs/h6xdwHcC9NMs8nWKSz2AixWcjxPAo1bCqV66z66BQ1JknkHuCxa9sBxRUAzW0ysZedwx9uDxowmsLGphkpcUMRo1zldDFZrRCJKo2ZV1OQfgI6d6tSzqhAeAMlkt7GeGUaQHfC0EcZyXzKUUXlD/+ac8ZrO4n2aslJ3vZ8W6/ncJWGd5uNCGRT4ap6WD4zzYlx4RJv2sWVrK1br+QAffzCo/yWvV+PSJyNXErJW1hwTGWkI7cQFc/HwknicBqRruZh9K5TYPU= guba@guba-VirtualBox\n"
            },
            "metadata_options": [
              {
                "aws_v1_http_endpoint": 1,
                "aws_v1_http_token": 2,
                "gce_http_endpoint": 1,
                "gce_http_token": 1
              }
            ],
            "name": "elastic",
            "network_acceleration_type": "standard",
            "network_interface": [
              {
                "dns_record": [],
                "index": 0,
                "ip_address": "10.0.1.11",
                "ipv4": true,
                "ipv6": false,
                "ipv6_address": "",
                "ipv6_dns_record": [],
                "mac_address": "d0:0d:1f:f0:67:f6",
                "nat": false,
                "nat_dns_record": [],
                "nat_ip_address": "",
                "nat_ip_version": "",
                "security_group_ids": [
                  "enpvu4m95rs2jiotqgtk"
                ],
                "subnet_id": "e9b8dqf8vurlh8cu8lg1"
              }
            ],
            "placement_policy": [
              {
                "host_affinity_rules": [],
                "placement_group_id": "",
                "placement_group_partition": 0
              }
            ],
            "platform_id": "standard-v1",
            "resources": [
              {
                "core_fraction": 20,
                "cores": 4,
                "gpus": 0,
                "memory": 8
              }
            ],
            "scheduling_policy": [
              {
                "preemptible": true
              }
            ],
            "secondary_disk": [],
            "service_account_id": "",
            "status": "running",
            "timeouts": null,
            "zone": "ru-central1-a"
          },
          "sensitive_attributes": [],
          "private": "eyJlMmJmYjczMC1lY2FhLTExZTYtOGY4OC0zNDM2M2JjN2M0YzAiOnsiY3JlYXRlIjozMDAwMDAwMDAwMDAsImRlbGV0ZSI6MzAwMDAwMDAwMDAwLCJ1cGRhdGUiOjMwMDAwMDAwMDAwMH0sInNjaGVtYV92ZXJzaW9uIjoiMSJ9",
          "dependencies": [
            "data.yandex_compute_image.ubuntu-2204-lts",
            "yandex_vpc_gateway.terr_nat_gateway",
            "yandex_vpc_network.terr",
            "yandex_vpc_route_table.terr_rt",
            "yandex_vpc_security_group.elastic_sg",
            "yandex_vpc_subnet.private_1",
            "yandex_vpc_subnet.private_2",
            "yandex_vpc_subnet.public"
          ]
        }
      ]
    },
    {
      "mode": "managed",
      "type": "yandex_compute_instance",
      "name": "kibana_host",
      "provider": "provider[\"registry.terraform.io/yandex-cloud/yandex\"]",
      "instances": [
        {
          "schema_version": 1,
          "attributes": {
            "allow_recreate": null,
            "allow_stopping_for_update": null,
            "boot_disk": [
              {
                "auto_delete": true,
                "device_name": "fhm90c08imk779ice1ap",
                "disk_id": "fhm90c08imk779ice1ap",
                "initialize_params": [
                  {
                    "block_size": 4096,
                    "description": "",
                    "image_id": "fd8g1nu25qosh432gpi1",
                    "name": "",
                    "size": 10,
                    "snapshot_id": "",
                    "type": "network-hdd"
                  }
                ],
                "mode": "READ_WRITE"
              }
            ],
            "created_at": "2024-09-23T15:57:59Z",
            "description": "",
            "filesystem": [],
            "folder_id": "b1g41sma899n1hp1ts36",
            "fqdn": "kibana.ru-central1.internal",
            "gpu_cluster_id": "",
            "hostname": "kibana",
            "id": "fhm5duhq77teouftil02",
            "labels": {},
            "local_disk": [],
            "maintenance_grace_period": "",
            "maintenance_policy": null,
            "metadata": {
              "ssh-keys": "ubuntu:ssh-rsa AAAAB3NzaC1yc2EAAAADAQABAAABgQDYQ/BefuIdof96VL3UOuuGMqasVYcVLZ89J8jfA+HgfipRUrNTJN+NRAH3RJYhp6XgBTyQKjyvl46/mUgEZLqkrFNcDJh57tLaELfRJPy2ClBuXv86+i7Ulyt/+reVqIA6qgSwDAjWaPVXpnA4bK4s1GNeiD0OCtoESC8IDAM5JbGn7eSIUru8ccC0BkY6aH/qpMVnwwP9UUvsjlmbnAsPcK2W9FrjaS6c5qN+eZwPRAwsLsx+V7ijs/h6xdwHcC9NMs8nWKSz2AixWcjxPAo1bCqV66z66BQ1JknkHuCxa9sBxRUAzW0ysZedwx9uDxowmsLGphkpcUMRo1zldDFZrRCJKo2ZV1OQfgI6d6tSzqhAeAMlkt7GeGUaQHfC0EcZyXzKUUXlD/+ac8ZrO4n2aslJ3vZ8W6/ncJWGd5uNCGRT4ap6WD4zzYlx4RJv2sWVrK1br+QAffzCo/yWvV+PSJyNXErJW1hwTGWkI7cQFc/HwknicBqRruZh9K5TYPU= guba@guba-VirtualBox\n"
            },
            "metadata_options": [
              {
                "aws_v1_http_endpoint": 1,
                "aws_v1_http_token": 2,
                "gce_http_endpoint": 1,
                "gce_http_token": 1
              }
            ],
            "name": "kibana",
            "network_acceleration_type": "standard",
            "network_interface": [
              {
                "dns_record": [],
                "index": 0,
                "ip_address": "10.0.0.5",
                "ipv4": true,
                "ipv6": false,
                "ipv6_address": "",
                "ipv6_dns_record": [],
                "mac_address": "d0:0d:56:fa:3a:39",
                "nat": true,
                "nat_dns_record": [],
                "nat_ip_address": "51.250.1.97",
                "nat_ip_version": "IPV4",
                "security_group_ids": [
                  "enpvu4m95rs2jiotqgtk"
                ],
                "subnet_id": "e9bm3iis3jafrond0sss"
              }
            ],
            "placement_policy": [
              {
                "host_affinity_rules": [],
                "placement_group_id": "",
                "placement_group_partition": 0
              }
            ],
            "platform_id": "standard-v1",
            "resources": [
              {
                "core_fraction": 20,
                "cores": 2,
                "gpus": 0,
                "memory": 4
              }
            ],
            "scheduling_policy": [
              {
                "preemptible": true
              }
            ],
            "secondary_disk": [],
            "service_account_id": "",
            "status": "running",
            "timeouts": null,
            "zone": "ru-central1-a"
          },
          "sensitive_attributes": [],
          "private": "eyJlMmJmYjczMC1lY2FhLTExZTYtOGY4OC0zNDM2M2JjN2M0YzAiOnsiY3JlYXRlIjozMDAwMDAwMDAwMDAsImRlbGV0ZSI6MzAwMDAwMDAwMDAwLCJ1cGRhdGUiOjMwMDAwMDAwMDAwMH0sInNjaGVtYV92ZXJzaW9uIjoiMSJ9",
          "dependencies": [
            "data.yandex_compute_image.ubuntu-2204-lts",
            "yandex_vpc_gateway.terr_nat_gateway",
            "yandex_vpc_network.terr",
            "yandex_vpc_route_table.terr_rt",
            "yandex_vpc_security_group.elastic_sg",
            "yandex_vpc_subnet.private_1",
            "yandex_vpc_subnet.private_2",
            "yandex_vpc_subnet.public"
          ]
        }
      ]
    },
    {
      "mode": "managed",
      "type": "yandex_compute_instance",
      "name": "vm1",
      "provider": "provider[\"registry.terraform.io/yandex-cloud/yandex\"]",
      "instances": [
        {
          "schema_version": 1,
          "attributes": {
            "allow_recreate": null,
            "allow_stopping_for_update": null,
            "boot_disk": [
              {
                "auto_delete": true,
                "device_name": "fhmptk8nvako41ka8stn",
                "disk_id": "fhmptk8nvako41ka8stn",
                "initialize_params": [
                  {
                    "block_size": 4096,
                    "description": "",
                    "image_id": "fd8g1nu25qosh432gpi1",
                    "name": "",
                    "size": 10,
                    "snapshot_id": "",
                    "type": "network-hdd"
                  }
                ],
                "mode": "READ_WRITE"
              }
            ],
            "created_at": "2024-09-23T15:57:58Z",
            "description": "",
            "filesystem": [],
            "folder_id": "b1g41sma899n1hp1ts36",
            "fqdn": "web-vm1.ru-central1.internal",
            "gpu_cluster_id": "",
            "hostname": "web-vm1",
            "id": "fhmujjs8u9br7eiltolh",
            "labels": {},
            "local_disk": [],
            "maintenance_grace_period": "",
            "maintenance_policy": null,
            "metadata": {
              "ssh-keys": "ubuntu:ssh-rsa AAAAB3NzaC1yc2EAAAADAQABAAABgQDYQ/BefuIdof96VL3UOuuGMqasVYcVLZ89J8jfA+HgfipRUrNTJN+NRAH3RJYhp6XgBTyQKjyvl46/mUgEZLqkrFNcDJh57tLaELfRJPy2ClBuXv86+i7Ulyt/+reVqIA6qgSwDAjWaPVXpnA4bK4s1GNeiD0OCtoESC8IDAM5JbGn7eSIUru8ccC0BkY6aH/qpMVnwwP9UUvsjlmbnAsPcK2W9FrjaS6c5qN+eZwPRAwsLsx+V7ijs/h6xdwHcC9NMs8nWKSz2AixWcjxPAo1bCqV66z66BQ1JknkHuCxa9sBxRUAzW0ysZedwx9uDxowmsLGphkpcUMRo1zldDFZrRCJKo2ZV1OQfgI6d6tSzqhAeAMlkt7GeGUaQHfC0EcZyXzKUUXlD/+ac8ZrO4n2aslJ3vZ8W6/ncJWGd5uNCGRT4ap6WD4zzYlx4RJv2sWVrK1br+QAffzCo/yWvV+PSJyNXErJW1hwTGWkI7cQFc/HwknicBqRruZh9K5TYPU= guba@guba-VirtualBox\n"
            },
            "metadata_options": [
              {
                "aws_v1_http_endpoint": 1,
                "aws_v1_http_token": 2,
                "gce_http_endpoint": 1,
                "gce_http_token": 1
              }
            ],
            "name": "web-vm1",
            "network_acceleration_type": "standard",
            "network_interface": [
              {
                "dns_record": [],
                "index": 0,
                "ip_address": "10.0.1.4",
                "ipv4": true,
                "ipv6": false,
                "ipv6_address": "",
                "ipv6_dns_record": [],
                "mac_address": "d0:0d:1e:9c:f8:8f",
                "nat": false,
                "nat_dns_record": [],
                "nat_ip_address": "",
                "nat_ip_version": "",
                "security_group_ids": [
                  "enpvv0qqd6hsjo5n8fcg"
                ],
                "subnet_id": "e9b8dqf8vurlh8cu8lg1"
              }
            ],
            "placement_policy": [
              {
                "host_affinity_rules": [],
                "placement_group_id": "",
                "placement_group_partition": 0
              }
            ],
            "platform_id": "standard-v1",
            "resources": [
              {
                "core_fraction": 20,
                "cores": 2,
                "gpus": 0,
                "memory": 2
              }
            ],
            "scheduling_policy": [
              {
                "preemptible": true
              }
            ],
            "secondary_disk": [],
            "service_account_id": "",
            "status": "running",
            "timeouts": null,
            "zone": "ru-central1-a"
          },
          "sensitive_attributes": [],
          "private": "eyJlMmJmYjczMC1lY2FhLTExZTYtOGY4OC0zNDM2M2JjN2M0YzAiOnsiY3JlYXRlIjozMDAwMDAwMDAwMDAsImRlbGV0ZSI6MzAwMDAwMDAwMDAwLCJ1cGRhdGUiOjMwMDAwMDAwMDAwMH0sInNjaGVtYV92ZXJzaW9uIjoiMSJ9",
          "dependencies": [
            "data.yandex_compute_image.ubuntu-2204-lts",
            "yandex_vpc_gateway.terr_nat_gateway",
            "yandex_vpc_network.terr",
            "yandex_vpc_route_table.terr_rt",
            "yandex_vpc_security_group.web_sg",
            "yandex_vpc_subnet.private_1",
            "yandex_vpc_subnet.private_2",
            "yandex_vpc_subnet.public"
          ]
        }
      ]
    },
    {
      "mode": "managed",
      "type": "yandex_compute_instance",
      "name": "vm2",
      "provider": "provider[\"registry.terraform.io/yandex-cloud/yandex\"]",
      "instances": [
        {
          "schema_version": 1,
          "attributes": {
            "allow_recreate": null,
            "allow_stopping_for_update": null,
            "boot_disk": [
              {
                "auto_delete": true,
                "device_name": "epd6tj6bdrvevlgu2usl",
                "disk_id": "epd6tj6bdrvevlgu2usl",
                "initialize_params": [
                  {
                    "block_size": 4096,
                    "description": "",
                    "image_id": "fd8g1nu25qosh432gpi1",
                    "name": "",
                    "size": 10,
                    "snapshot_id": "",
                    "type": "network-hdd"
                  }
                ],
                "mode": "READ_WRITE"
              }
            ],
            "created_at": "2024-09-23T15:57:58Z",
            "description": "",
            "filesystem": [],
            "folder_id": "b1g41sma899n1hp1ts36",
            "fqdn": "web-vm2.ru-central1.internal",
            "gpu_cluster_id": "",
            "hostname": "web-vm2",
            "id": "epd3k7e586v8bt17qp3b",
            "labels": {},
            "local_disk": [],
            "maintenance_grace_period": "",
            "maintenance_policy": null,
            "metadata": {
              "ssh-keys": "ubuntu:ssh-rsa AAAAB3NzaC1yc2EAAAADAQABAAABgQDYQ/BefuIdof96VL3UOuuGMqasVYcVLZ89J8jfA+HgfipRUrNTJN+NRAH3RJYhp6XgBTyQKjyvl46/mUgEZLqkrFNcDJh57tLaELfRJPy2ClBuXv86+i7Ulyt/+reVqIA6qgSwDAjWaPVXpnA4bK4s1GNeiD0OCtoESC8IDAM5JbGn7eSIUru8ccC0BkY6aH/qpMVnwwP9UUvsjlmbnAsPcK2W9FrjaS6c5qN+eZwPRAwsLsx+V7ijs/h6xdwHcC9NMs8nWKSz2AixWcjxPAo1bCqV66z66BQ1JknkHuCxa9sBxRUAzW0ysZedwx9uDxowmsLGphkpcUMRo1zldDFZrRCJKo2ZV1OQfgI6d6tSzqhAeAMlkt7GeGUaQHfC0EcZyXzKUUXlD/+ac8ZrO4n2aslJ3vZ8W6/ncJWGd5uNCGRT4ap6WD4zzYlx4RJv2sWVrK1br+QAffzCo/yWvV+PSJyNXErJW1hwTGWkI7cQFc/HwknicBqRruZh9K5TYPU= guba@guba-VirtualBox\n"
            },
            "metadata_options": [
              {
                "aws_v1_http_endpoint": 1,
                "aws_v1_http_token": 2,
                "gce_http_endpoint": 1,
                "gce_http_token": 1
              }
            ],
            "name": "web-vm2",
            "network_acceleration_type": "standard",
            "network_interface": [
              {
                "dns_record": [],
                "index": 0,
                "ip_address": "10.0.2.9",
                "ipv4": true,
                "ipv6": false,
                "ipv6_address": "",
                "ipv6_dns_record": [],
                "mac_address": "d0:0d:3a:1d:c5:41",
                "nat": false,
                "nat_dns_record": [],
                "nat_ip_address": "",
                "nat_ip_version": "",
                "security_group_ids": [
                  "enpvv0qqd6hsjo5n8fcg"
                ],
                "subnet_id": "e2ltlc77m894ivuvq2t4"
              }
            ],
            "placement_policy": [
              {
                "host_affinity_rules": [],
                "placement_group_id": "",
                "placement_group_partition": 0
              }
            ],
            "platform_id": "standard-v1",
            "resources": [
              {
                "core_fraction": 20,
                "cores": 2,
                "gpus": 0,
                "memory": 2
              }
            ],
            "scheduling_policy": [
              {
                "preemptible": true
              }
            ],
            "secondary_disk": [],
            "service_account_id": "",
            "status": "running",
            "timeouts": null,
            "zone": "ru-central1-b"
          },
          "sensitive_attributes": [],
          "private": "eyJlMmJmYjczMC1lY2FhLTExZTYtOGY4OC0zNDM2M2JjN2M0YzAiOnsiY3JlYXRlIjozMDAwMDAwMDAwMDAsImRlbGV0ZSI6MzAwMDAwMDAwMDAwLCJ1cGRhdGUiOjMwMDAwMDAwMDAwMH0sInNjaGVtYV92ZXJzaW9uIjoiMSJ9",
          "dependencies": [
            "data.yandex_compute_image.ubuntu-2204-lts",
            "yandex_vpc_gateway.terr_nat_gateway",
            "yandex_vpc_network.terr",
            "yandex_vpc_route_table.terr_rt",
            "yandex_vpc_security_group.web_sg",
            "yandex_vpc_subnet.private_1",
            "yandex_vpc_subnet.private_2",
            "yandex_vpc_subnet.public"
          ]
        }
      ]
    },
    {
      "mode": "managed",
      "type": "yandex_compute_instance",
      "name": "zabbix_host",
      "provider": "provider[\"registry.terraform.io/yandex-cloud/yandex\"]",
      "instances": [
        {
          "schema_version": 1,
          "attributes": {
            "allow_recreate": null,
            "allow_stopping_for_update": null,
            "boot_disk": [
              {
                "auto_delete": true,
                "device_name": "fhm5retl31mdp1se2ou7",
                "disk_id": "fhm5retl31mdp1se2ou7",
                "initialize_params": [
                  {
                    "block_size": 4096,
                    "description": "",
                    "image_id": "fd8g1nu25qosh432gpi1",
                    "name": "",
                    "size": 10,
                    "snapshot_id": "",
                    "type": "network-hdd"
                  }
                ],
                "mode": "READ_WRITE"
              }
            ],
            "created_at": "2024-09-23T15:58:00Z",
            "description": "",
            "filesystem": [],
            "folder_id": "b1g41sma899n1hp1ts36",
            "fqdn": "zabbix.ru-central1.internal",
            "gpu_cluster_id": "",
            "hostname": "zabbix",
            "id": "fhm9v76oun8o7agfqmng",
            "labels": {},
            "local_disk": [],
            "maintenance_grace_period": "",
            "maintenance_policy": null,
            "metadata": {
              "ssh-keys": "ubuntu:ssh-rsa AAAAB3NzaC1yc2EAAAADAQABAAABgQDYQ/BefuIdof96VL3UOuuGMqasVYcVLZ89J8jfA+HgfipRUrNTJN+NRAH3RJYhp6XgBTyQKjyvl46/mUgEZLqkrFNcDJh57tLaELfRJPy2ClBuXv86+i7Ulyt/+reVqIA6qgSwDAjWaPVXpnA4bK4s1GNeiD0OCtoESC8IDAM5JbGn7eSIUru8ccC0BkY6aH/qpMVnwwP9UUvsjlmbnAsPcK2W9FrjaS6c5qN+eZwPRAwsLsx+V7ijs/h6xdwHcC9NMs8nWKSz2AixWcjxPAo1bCqV66z66BQ1JknkHuCxa9sBxRUAzW0ysZedwx9uDxowmsLGphkpcUMRo1zldDFZrRCJKo2ZV1OQfgI6d6tSzqhAeAMlkt7GeGUaQHfC0EcZyXzKUUXlD/+ac8ZrO4n2aslJ3vZ8W6/ncJWGd5uNCGRT4ap6WD4zzYlx4RJv2sWVrK1br+QAffzCo/yWvV+PSJyNXErJW1hwTGWkI7cQFc/HwknicBqRruZh9K5TYPU= guba@guba-VirtualBox\n"
            },
            "metadata_options": [
              {
                "aws_v1_http_endpoint": 1,
                "aws_v1_http_token": 2,
                "gce_http_endpoint": 1,
                "gce_http_token": 1
              }
            ],
            "name": "zabbix",
            "network_acceleration_type": "standard",
            "network_interface": [
              {
                "dns_record": [],
                "index": 0,
                "ip_address": "10.0.0.6",
                "ipv4": true,
                "ipv6": false,
                "ipv6_address": "",
                "ipv6_dns_record": [],
                "mac_address": "d0:0d:9f:9c:d8:f5",
                "nat": true,
                "nat_dns_record": [],
                "nat_ip_address": "62.84.115.34",
                "nat_ip_version": "IPV4",
                "security_group_ids": [
                  "enpvb2qqno1f44sj7404"
                ],
                "subnet_id": "e9bm3iis3jafrond0sss"
              }
            ],
            "placement_policy": [
              {
                "host_affinity_rules": [],
                "placement_group_id": "",
                "placement_group_partition": 0
              }
            ],
            "platform_id": "standard-v1",
            "resources": [
              {
                "core_fraction": 20,
                "cores": 2,
                "gpus": 0,
                "memory": 4
              }
            ],
            "scheduling_policy": [
              {
                "preemptible": true
              }
            ],
            "secondary_disk": [],
            "service_account_id": "",
            "status": "running",
            "timeouts": null,
            "zone": "ru-central1-a"
          },
          "sensitive_attributes": [],
          "private": "eyJlMmJmYjczMC1lY2FhLTExZTYtOGY4OC0zNDM2M2JjN2M0YzAiOnsiY3JlYXRlIjozMDAwMDAwMDAwMDAsImRlbGV0ZSI6MzAwMDAwMDAwMDAwLCJ1cGRhdGUiOjMwMDAwMDAwMDAwMH0sInNjaGVtYV92ZXJzaW9uIjoiMSJ9",
          "dependencies": [
            "data.yandex_compute_image.ubuntu-2204-lts",
            "yandex_vpc_gateway.terr_nat_gateway",
            "yandex_vpc_network.terr",
            "yandex_vpc_route_table.terr_rt",
            "yandex_vpc_security_group.zabbix_sg",
            "yandex_vpc_subnet.private_1",
            "yandex_vpc_subnet.private_2",
            "yandex_vpc_subnet.public"
          ]
        }
      ]
    },
    {
      "mode": "managed",
      "type": "yandex_compute_snapshot_schedule",
      "name": "default",
      "provider": "provider[\"registry.terraform.io/yandex-cloud/yandex\"]",
      "instances": [
        {
          "schema_version": 0,
          "attributes": {
            "created_at": "2024-09-23T18:52:45Z",
            "description": "",
            "disk_ids": [
              "yandex_compute_instance.bastion_host.boot_disk[0].disk_id",
              "yandex_compute_instance.elastic_host.boot_disk[0].disk_id",
              "yandex_compute_instance.kibana_host.boot_disk[0].disk_id",
              "yandex_compute_instance.vm1.boot_disk[0].disk_id",
              "yandex_compute_instance.zabbix_host.boot_disk[0].disk_id"
            ],
            "folder_id": "b1g41sma899n1hp1ts36",
            "id": "fd8ifehu38q1emsiqgh0",
            "labels": {},
            "name": "",
            "retention_period": "168h",
            "schedule_policy": [
              {
                "expression": "0 0 * * *",
                "start_at": "1970-01-01T00:00:00Z"
              }
            ],
            "snapshot_count": 0,
            "snapshot_spec": [
              {
                "description": "retention-snapshot",
                "labels": {}
              }
            ],
            "status": "active",
            "timeouts": null
          },
          "sensitive_attributes": [],
          "private": "eyJlMmJmYjczMC1lY2FhLTExZTYtOGY4OC0zNDM2M2JjN2M0YzAiOnsiY3JlYXRlIjozMDAwMDAwMDAwMDAsImRlbGV0ZSI6MzAwMDAwMDAwMDAwLCJ1cGRhdGUiOjMwMDAwMDAwMDAwMH19"
        }
      ]
    },
    {
      "mode": "managed",
      "type": "yandex_vpc_address",
      "name": "bastion",
      "provider": "provider[\"registry.terraform.io/yandex-cloud/yandex\"]",
      "instances": [
        {
          "schema_version": 0,
          "attributes": {
            "created_at": "2024-09-23T15:57:53Z",
            "deletion_protection": false,
            "description": "",
            "dns_record": [],
            "external_ipv4_address": [
              {
                "address": "51.250.5.249",
                "ddos_protection_provider": "",
                "outgoing_smtp_capability": "",
                "zone_id": "ru-central1-a"
              }
            ],
            "folder_id": "b1g41sma899n1hp1ts36",
            "id": "e9bt429m4ob806sdeamq",
            "labels": {},
            "name": "bastion",
            "reserved": true,
            "timeouts": null,
            "used": true
          },
          "sensitive_attributes": [],
          "private": "eyJlMmJmYjczMC1lY2FhLTExZTYtOGY4OC0zNDM2M2JjN2M0YzAiOnsiY3JlYXRlIjozMDAwMDAwMDAwMCwiZGVsZXRlIjozMDAwMDAwMDAwMCwidXBkYXRlIjozMDAwMDAwMDAwMH19"
        }
      ]
    },
    {
      "mode": "managed",
      "type": "yandex_vpc_gateway",
      "name": "terr_nat_gateway",
      "provider": "provider[\"registry.terraform.io/yandex-cloud/yandex\"]",
      "instances": [
        {
          "schema_version": 0,
          "attributes": {
            "created_at": "2024-09-23T15:57:52Z",
            "description": "",
            "folder_id": "b1g41sma899n1hp1ts36",
            "id": "enpkq169la8tvl4pv425",
            "labels": {},
            "name": "terr-gateway",
            "shared_egress_gateway": [
              {}
            ],
            "timeouts": null
          },
          "sensitive_attributes": [],
          "private": "eyJlMmJmYjczMC1lY2FhLTExZTYtOGY4OC0zNDM2M2JjN2M0YzAiOnsiY3JlYXRlIjo2MDAwMDAwMDAwMCwiZGVsZXRlIjo2MDAwMDAwMDAwMCwidXBkYXRlIjo2MDAwMDAwMDAwMH19"
        }
      ]
    },
    {
      "mode": "managed",
      "type": "yandex_vpc_network",
      "name": "terr",
      "provider": "provider[\"registry.terraform.io/yandex-cloud/yandex\"]",
      "instances": [
        {
          "schema_version": 0,
          "attributes": {
            "created_at": "2024-09-23T15:57:52Z",
            "default_security_group_id": "enpucn56ejgeqnja20qc",
            "description": "",
            "folder_id": "b1g41sma899n1hp1ts36",
            "id": "enp1ocnputcpp2b17rdb",
            "labels": {},
            "name": "terr",
            "subnet_ids": [
              "e2ltlc77m894ivuvq2t4",
              "e9b8dqf8vurlh8cu8lg1",
              "e9bm3iis3jafrond0sss"
            ],
            "timeouts": null
          },
          "sensitive_attributes": [],
          "private": "eyJlMmJmYjczMC1lY2FhLTExZTYtOGY4OC0zNDM2M2JjN2M0YzAiOnsiY3JlYXRlIjo2MDAwMDAwMDAwMCwiZGVsZXRlIjo2MDAwMDAwMDAwMCwidXBkYXRlIjo2MDAwMDAwMDAwMH19"
        }
      ]
    },
    {
      "mode": "managed",
      "type": "yandex_vpc_route_table",
      "name": "terr_rt",
      "provider": "provider[\"registry.terraform.io/yandex-cloud/yandex\"]",
      "instances": [
        {
          "schema_version": 0,
          "attributes": {
            "created_at": "2024-09-23T15:57:54Z",
            "description": "",
            "folder_id": "b1g41sma899n1hp1ts36",
            "id": "enpc0cfqir4ag16o4g5g",
            "labels": {},
            "name": "terr-route-table",
            "network_id": "enp1ocnputcpp2b17rdb",
            "static_route": [
              {
                "destination_prefix": "0.0.0.0/0",
                "gateway_id": "enpkq169la8tvl4pv425",
                "next_hop_address": ""
              }
            ],
            "timeouts": null
          },
          "sensitive_attributes": [],
          "private": "eyJlMmJmYjczMC1lY2FhLTExZTYtOGY4OC0zNDM2M2JjN2M0YzAiOnsiY3JlYXRlIjoxODAwMDAwMDAwMDAsImRlbGV0ZSI6MTgwMDAwMDAwMDAwLCJ1cGRhdGUiOjE4MDAwMDAwMDAwMH19",
          "dependencies": [
            "yandex_vpc_gateway.terr_nat_gateway",
            "yandex_vpc_network.terr"
          ]
        }
      ]
    },
    {
      "mode": "managed",
      "type": "yandex_vpc_security_group",
      "name": "bastion_sg",
      "provider": "provider[\"registry.terraform.io/yandex-cloud/yandex\"]",
      "instances": [
        {
          "schema_version": 0,
          "attributes": {
            "created_at": "2024-09-23T15:57:55Z",
            "description": "",
            "egress": [
              {
                "description": "",
                "from_port": -1,
                "id": "enpomfnqc96ih4jd9bdh",
                "labels": {},
                "port": -1,
                "predefined_target": "",
                "protocol": "ANY",
                "security_group_id": "",
                "to_port": -1,
                "v4_cidr_blocks": [
                  "0.0.0.0/0"
                ],
                "v6_cidr_blocks": []
              }
            ],
            "folder_id": "b1g41sma899n1hp1ts36",
            "id": "enpgtmomctjm77e78fk0",
            "ingress": [
              {
                "description": "",
                "from_port": -1,
                "id": "enp37v0gqdapscn21d9n",
                "labels": {},
                "port": 22,
                "predefined_target": "",
                "protocol": "TCP",
                "security_group_id": "",
                "to_port": -1,
                "v4_cidr_blocks": [
                  "0.0.0.0/0"
                ],
                "v6_cidr_blocks": []
              }
            ],
            "labels": {},
            "name": "bastion-sg",
            "network_id": "enp1ocnputcpp2b17rdb",
            "status": "ACTIVE",
            "timeouts": null
          },
          "sensitive_attributes": [],
          "private": "eyJlMmJmYjczMC1lY2FhLTExZTYtOGY4OC0zNDM2M2JjN2M0YzAiOnsiY3JlYXRlIjoxODAwMDAwMDAwMDAsImRlbGV0ZSI6MTgwMDAwMDAwMDAwLCJ1cGRhdGUiOjE4MDAwMDAwMDAwMH19",
          "dependencies": [
            "yandex_vpc_network.terr"
          ]
        }
      ]
    },
    {
      "mode": "managed",
      "type": "yandex_vpc_security_group",
      "name": "elastic_sg",
      "provider": "provider[\"registry.terraform.io/yandex-cloud/yandex\"]",
      "instances": [
        {
          "schema_version": 0,
          "attributes": {
            "created_at": "2024-09-23T15:57:58Z",
            "description": "",
            "egress": [
              {
                "description": "",
                "from_port": -1,
                "id": "enp2fke6gjoja02dg26i",
                "labels": {},
                "port": -1,
                "predefined_target": "",
                "protocol": "ANY",
                "security_group_id": "",
                "to_port": -1,
                "v4_cidr_blocks": [
                  "0.0.0.0/0"
                ],
                "v6_cidr_blocks": []
              }
            ],
            "folder_id": "b1g41sma899n1hp1ts36",
            "id": "enpvu4m95rs2jiotqgtk",
            "ingress": [
              {
                "description": "",
                "from_port": -1,
                "id": "enp0ir4j5nds1k6o5ueo",
                "labels": {},
                "port": 10050,
                "predefined_target": "",
                "protocol": "TCP",
                "security_group_id": "",
                "to_port": -1,
                "v4_cidr_blocks": [
                  "10.0.0.0/24"
                ],
                "v6_cidr_blocks": []
              },
              {
                "description": "",
                "from_port": -1,
                "id": "enp512f24ppvec4g7vra",
                "labels": {},
                "port": 9200,
                "predefined_target": "",
                "protocol": "TCP",
                "security_group_id": "",
                "to_port": -1,
                "v4_cidr_blocks": [
                  "10.0.2.0/24"
                ],
                "v6_cidr_blocks": []
              },
              {
                "description": "",
                "from_port": -1,
                "id": "enpblg0i4vhs7f9on07n",
                "labels": {},
                "port": 80,
                "predefined_target": "",
                "protocol": "TCP",
                "security_group_id": "",
                "to_port": -1,
                "v4_cidr_blocks": [
                  "0.0.0.0/0"
                ],
                "v6_cidr_blocks": []
              },
              {
                "description": "",
                "from_port": -1,
                "id": "enpe5c907nql1rvkubfp",
                "labels": {},
                "port": 9200,
                "predefined_target": "",
                "protocol": "TCP",
                "security_group_id": "",
                "to_port": -1,
                "v4_cidr_blocks": [
                  "10.0.0.0/24"
                ],
                "v6_cidr_blocks": []
              },
              {
                "description": "",
                "from_port": -1,
                "id": "enpk9sekq72cpsng3qs8",
                "labels": {},
                "port": 9200,
                "predefined_target": "",
                "protocol": "TCP",
                "security_group_id": "",
                "to_port": -1,
                "v4_cidr_blocks": [
                  "10.0.1.0/24"
                ],
                "v6_cidr_blocks": []
              },
              {
                "description": "",
                "from_port": -1,
                "id": "enpme3cifhbu013gnkvb",
                "labels": {},
                "port": 22,
                "predefined_target": "",
                "protocol": "TCP",
                "security_group_id": "",
                "to_port": -1,
                "v4_cidr_blocks": [
                  "10.0.0.0/24"
                ],
                "v6_cidr_blocks": []
              }
            ],
            "labels": {},
            "name": "elastic-sg",
            "network_id": "enp1ocnputcpp2b17rdb",
            "status": "ACTIVE",
            "timeouts": null
          },
          "sensitive_attributes": [],
          "private": "eyJlMmJmYjczMC1lY2FhLTExZTYtOGY4OC0zNDM2M2JjN2M0YzAiOnsiY3JlYXRlIjoxODAwMDAwMDAwMDAsImRlbGV0ZSI6MTgwMDAwMDAwMDAwLCJ1cGRhdGUiOjE4MDAwMDAwMDAwMH19",
          "dependencies": [
            "yandex_vpc_gateway.terr_nat_gateway",
            "yandex_vpc_network.terr",
            "yandex_vpc_route_table.terr_rt",
            "yandex_vpc_subnet.private_1",
            "yandex_vpc_subnet.private_2",
            "yandex_vpc_subnet.public"
          ]
        }
      ]
    },
    {
      "mode": "managed",
      "type": "yandex_vpc_security_group",
      "name": "web_sg",
      "provider": "provider[\"registry.terraform.io/yandex-cloud/yandex\"]",
      "instances": [
        {
          "schema_version": 0,
          "attributes": {
            "created_at": "2024-09-23T15:57:57Z",
            "description": "",
            "egress": [
              {
                "description": "",
                "from_port": -1,
                "id": "enpbcnt46k9ma7s16f5i",
                "labels": {},
                "port": -1,
                "predefined_target": "",
                "protocol": "ANY",
                "security_group_id": "",
                "to_port": -1,
                "v4_cidr_blocks": [
                  "0.0.0.0/0"
                ],
                "v6_cidr_blocks": []
              }
            ],
            "folder_id": "b1g41sma899n1hp1ts36",
            "id": "enpvv0qqd6hsjo5n8fcg",
            "ingress": [
              {
                "description": "",
                "from_port": -1,
                "id": "enp2s0gkgfsnhulen98l",
                "labels": {},
                "port": 10050,
                "predefined_target": "",
                "protocol": "TCP",
                "security_group_id": "",
                "to_port": -1,
                "v4_cidr_blocks": [
                  "10.0.1.0/24"
                ],
                "v6_cidr_blocks": []
              },
              {
                "description": "",
                "from_port": -1,
                "id": "enp74r33tad28rj66u9h",
                "labels": {},
                "port": 10050,
                "predefined_target": "",
                "protocol": "TCP",
                "security_group_id": "",
                "to_port": -1,
                "v4_cidr_blocks": [
                  "10.0.0.0/24"
                ],
                "v6_cidr_blocks": []
              },
              {
                "description": "",
                "from_port": -1,
                "id": "enpfuqdbqtcejlm51lg2",
                "labels": {},
                "port": 22,
                "predefined_target": "",
                "protocol": "TCP",
                "security_group_id": "",
                "to_port": -1,
                "v4_cidr_blocks": [
                  "10.0.0.0/24"
                ],
                "v6_cidr_blocks": []
              },
              {
                "description": "",
                "from_port": -1,
                "id": "enpocb3knf4urvsh71m4",
                "labels": {},
                "port": 80,
                "predefined_target": "",
                "protocol": "TCP",
                "security_group_id": "",
                "to_port": -1,
                "v4_cidr_blocks": [
                  "10.0.0.0/24"
                ],
                "v6_cidr_blocks": []
              },
              {
                "description": "",
                "from_port": -1,
                "id": "enpp95b5kfs0g940eut9",
                "labels": {},
                "port": 10050,
                "predefined_target": "",
                "protocol": "TCP",
                "security_group_id": "",
                "to_port": -1,
                "v4_cidr_blocks": [
                  "10.0.2.0/24"
                ],
                "v6_cidr_blocks": []
              }
            ],
            "labels": {},
            "name": "web-sg",
            "network_id": "enp1ocnputcpp2b17rdb",
            "status": "ACTIVE",
            "timeouts": null
          },
          "sensitive_attributes": [],
          "private": "eyJlMmJmYjczMC1lY2FhLTExZTYtOGY4OC0zNDM2M2JjN2M0YzAiOnsiY3JlYXRlIjoxODAwMDAwMDAwMDAsImRlbGV0ZSI6MTgwMDAwMDAwMDAwLCJ1cGRhdGUiOjE4MDAwMDAwMDAwMH19",
          "dependencies": [
            "yandex_vpc_gateway.terr_nat_gateway",
            "yandex_vpc_network.terr",
            "yandex_vpc_route_table.terr_rt",
            "yandex_vpc_subnet.private_1",
            "yandex_vpc_subnet.private_2",
            "yandex_vpc_subnet.public"
          ]
        }
      ]
    },
    {
      "mode": "managed",
      "type": "yandex_vpc_security_group",
      "name": "zabbix_sg",
      "provider": "provider[\"registry.terraform.io/yandex-cloud/yandex\"]",
      "instances": [
        {
          "schema_version": 0,
          "attributes": {
            "created_at": "2024-09-23T15:57:59Z",
            "description": "",
            "egress": [
              {
                "description": "",
                "from_port": -1,
                "id": "enpmgj7cjsl6ebsko1m2",
                "labels": {},
                "port": -1,
                "predefined_target": "",
                "protocol": "ANY",
                "security_group_id": "",
                "to_port": -1,
                "v4_cidr_blocks": [
                  "0.0.0.0/0"
                ],
                "v6_cidr_blocks": []
              }
            ],
            "folder_id": "b1g41sma899n1hp1ts36",
            "id": "enpvb2qqno1f44sj7404",
            "ingress": [
              {
                "description": "",
                "from_port": -1,
                "id": "enp2546blglkk2h41u53",
                "labels": {},
                "port": 10051,
                "predefined_target": "",
                "protocol": "TCP",
                "security_group_id": "",
                "to_port": -1,
                "v4_cidr_blocks": [
                  "10.0.0.0/24"
                ],
                "v6_cidr_blocks": []
              },
              {
                "description": "",
                "from_port": -1,
                "id": "enp7ihj3mbfa12orn0nk",
                "labels": {},
                "port": 8080,
                "predefined_target": "",
                "protocol": "TCP",
                "security_group_id": "",
                "to_port": -1,
                "v4_cidr_blocks": [
                  "0.0.0.0/0"
                ],
                "v6_cidr_blocks": []
              },
              {
                "description": "",
                "from_port": -1,
                "id": "enpau867ahtktnsge9jd",
                "labels": {},
                "port": 10051,
                "predefined_target": "",
                "protocol": "TCP",
                "security_group_id": "",
                "to_port": -1,
                "v4_cidr_blocks": [
                  "10.0.1.0/24"
                ],
                "v6_cidr_blocks": []
              },
              {
                "description": "",
                "from_port": -1,
                "id": "enpdulsoke4e0i58j7mk",
                "labels": {},
                "port": 10050,
                "predefined_target": "",
                "protocol": "TCP",
                "security_group_id": "",
                "to_port": -1,
                "v4_cidr_blocks": [
                  "10.0.1.0/24"
                ],
                "v6_cidr_blocks": []
              },
              {
                "description": "",
                "from_port": -1,
                "id": "enpfgollvij43cdj2rq6",
                "labels": {},
                "port": 10050,
                "predefined_target": "",
                "protocol": "TCP",
                "security_group_id": "",
                "to_port": -1,
                "v4_cidr_blocks": [
                  "10.0.2.0/24"
                ],
                "v6_cidr_blocks": []
              },
              {
                "description": "",
                "from_port": -1,
                "id": "enpg30buvlau2648k491",
                "labels": {},
                "port": 10050,
                "predefined_target": "",
                "protocol": "TCP",
                "security_group_id": "",
                "to_port": -1,
                "v4_cidr_blocks": [
                  "10.0.0.0/24"
                ],
                "v6_cidr_blocks": []
              },
              {
                "description": "",
                "from_port": -1,
                "id": "enpluu5q0546273f9jnm",
                "labels": {},
                "port": 10051,
                "predefined_target": "",
                "protocol": "TCP",
                "security_group_id": "",
                "to_port": -1,
                "v4_cidr_blocks": [
                  "10.0.2.0/24"
                ],
                "v6_cidr_blocks": []
              },
              {
                "description": "",
                "from_port": -1,
                "id": "enpmnp6s66lagks6dmo2",
                "labels": {},
                "port": 5432,
                "predefined_target": "",
                "protocol": "TCP",
                "security_group_id": "",
                "to_port": -1,
                "v4_cidr_blocks": [
                  "10.0.1.0/24"
                ],
                "v6_cidr_blocks": []
              },
              {
                "description": "",
                "from_port": -1,
                "id": "enpukf9vfp184d5m761e",
                "labels": {},
                "port": 80,
                "predefined_target": "",
                "protocol": "TCP",
                "security_group_id": "",
                "to_port": -1,
                "v4_cidr_blocks": [
                  "0.0.0.0/0"
                ],
                "v6_cidr_blocks": []
              },
              {
                "description": "",
                "from_port": -1,
                "id": "enpvqska3cm71a2ambq6",
                "labels": {},
                "port": 22,
                "predefined_target": "",
                "protocol": "TCP",
                "security_group_id": "",
                "to_port": -1,
                "v4_cidr_blocks": [
                  "10.0.0.0/24"
                ],
                "v6_cidr_blocks": []
              }
            ],
            "labels": {},
            "name": "zabbix-sg",
            "network_id": "enp1ocnputcpp2b17rdb",
            "status": "ACTIVE",
            "timeouts": null
          },
          "sensitive_attributes": [],
          "private": "eyJlMmJmYjczMC1lY2FhLTExZTYtOGY4OC0zNDM2M2JjN2M0YzAiOnsiY3JlYXRlIjoxODAwMDAwMDAwMDAsImRlbGV0ZSI6MTgwMDAwMDAwMDAwLCJ1cGRhdGUiOjE4MDAwMDAwMDAwMH19",
          "dependencies": [
            "yandex_vpc_gateway.terr_nat_gateway",
            "yandex_vpc_network.terr",
            "yandex_vpc_route_table.terr_rt",
            "yandex_vpc_subnet.private_1",
            "yandex_vpc_subnet.private_2",
            "yandex_vpc_subnet.public"
          ]
        }
      ]
    },
    {
      "mode": "managed",
      "type": "yandex_vpc_subnet",
      "name": "private_1",
      "provider": "provider[\"registry.terraform.io/yandex-cloud/yandex\"]",
      "instances": [
        {
          "schema_version": 0,
          "attributes": {
            "created_at": "2024-09-23T15:57:56Z",
            "description": "",
            "dhcp_options": [],
            "folder_id": "b1g41sma899n1hp1ts36",
            "id": "e9b8dqf8vurlh8cu8lg1",
            "labels": {},
            "name": "private-1",
            "network_id": "enp1ocnputcpp2b17rdb",
            "route_table_id": "enpc0cfqir4ag16o4g5g",
            "timeouts": null,
            "v4_cidr_blocks": [
              "10.0.1.0/24"
            ],
            "v6_cidr_blocks": [],
            "zone": "ru-central1-a"
          },
          "sensitive_attributes": [],
          "private": "eyJlMmJmYjczMC1lY2FhLTExZTYtOGY4OC0zNDM2M2JjN2M0YzAiOnsiY3JlYXRlIjoxODAwMDAwMDAwMDAsImRlbGV0ZSI6MTgwMDAwMDAwMDAwLCJ1cGRhdGUiOjE4MDAwMDAwMDAwMH19",
          "dependencies": [
            "yandex_vpc_gateway.terr_nat_gateway",
            "yandex_vpc_network.terr",
            "yandex_vpc_route_table.terr_rt"
          ]
        }
      ]
    },
    {
      "mode": "managed",
      "type": "yandex_vpc_subnet",
      "name": "private_2",
      "provider": "provider[\"registry.terraform.io/yandex-cloud/yandex\"]",
      "instances": [
        {
          "schema_version": 0,
          "attributes": {
            "created_at": "2024-09-23T15:57:55Z",
            "description": "",
            "dhcp_options": [],
            "folder_id": "b1g41sma899n1hp1ts36",
            "id": "e2ltlc77m894ivuvq2t4",
            "labels": {},
            "name": "private-2",
            "network_id": "enp1ocnputcpp2b17rdb",
            "route_table_id": "enpc0cfqir4ag16o4g5g",
            "timeouts": null,
            "v4_cidr_blocks": [
              "10.0.2.0/24"
            ],
            "v6_cidr_blocks": [],
            "zone": "ru-central1-b"
          },
          "sensitive_attributes": [],
          "private": "eyJlMmJmYjczMC1lY2FhLTExZTYtOGY4OC0zNDM2M2JjN2M0YzAiOnsiY3JlYXRlIjoxODAwMDAwMDAwMDAsImRlbGV0ZSI6MTgwMDAwMDAwMDAwLCJ1cGRhdGUiOjE4MDAwMDAwMDAwMH19",
          "dependencies": [
            "yandex_vpc_gateway.terr_nat_gateway",
            "yandex_vpc_network.terr",
            "yandex_vpc_route_table.terr_rt"
          ]
        }
      ]
    },
    {
      "mode": "managed",
      "type": "yandex_vpc_subnet",
      "name": "public",
      "provider": "provider[\"registry.terraform.io/yandex-cloud/yandex\"]",
      "instances": [
        {
          "schema_version": 0,
          "attributes": {
            "created_at": "2024-09-23T15:57:55Z",
            "description": "",
            "dhcp_options": [],
            "folder_id": "b1g41sma899n1hp1ts36",
            "id": "e9bm3iis3jafrond0sss",
            "labels": {},
            "name": "public",
            "network_id": "enp1ocnputcpp2b17rdb",
            "route_table_id": "enpc0cfqir4ag16o4g5g",
            "timeouts": null,
            "v4_cidr_blocks": [
              "10.0.0.0/24"
            ],
            "v6_cidr_blocks": [],
            "zone": "ru-central1-a"
          },
          "sensitive_attributes": [],
          "private": "eyJlMmJmYjczMC1lY2FhLTExZTYtOGY4OC0zNDM2M2JjN2M0YzAiOnsiY3JlYXRlIjoxODAwMDAwMDAwMDAsImRlbGV0ZSI6MTgwMDAwMDAwMDAwLCJ1cGRhdGUiOjE4MDAwMDAwMDAwMH19",
          "dependencies": [
            "yandex_vpc_gateway.terr_nat_gateway",
            "yandex_vpc_network.terr",
            "yandex_vpc_route_table.terr_rt"
          ]
        }
      ]
    }
  ],
  "check_results": null
}
